// !$*UTF8*$!
{
	archiveVersion = 1;
	classes = {
	};
	objectVersion = 56;
	objects = {

/* Begin PBXBuildFile section */
		6956406F2B8D925E00413E91 /* RealityKitContent in Frameworks */ = {isa = PBXBuildFile; productRef = 6956406E2B8D925E00413E91 /* RealityKitContent */; };
		695640712B8D925E00413E91 /* mGApp.swift in Sources */ = {isa = PBXBuildFile; fileRef = 695640702B8D925E00413E91 /* mGApp.swift */; };
		695640732B8D925E00413E91 /* ContentView.swift in Sources */ = {isa = PBXBuildFile; fileRef = 695640722B8D925E00413E91 /* ContentView.swift */; };
		695640752B8D925E00413E91 /* ImmersiveView.swift in Sources */ = {isa = PBXBuildFile; fileRef = 695640742B8D925E00413E91 /* ImmersiveView.swift */; };
		695640772B8D925F00413E91 /* Assets.xcassets in Resources */ = {isa = PBXBuildFile; fileRef = 695640762B8D925F00413E91 /* Assets.xcassets */; };
		6956407A2B8D925F00413E91 /* Preview Assets.xcassets in Resources */ = {isa = PBXBuildFile; fileRef = 695640792B8D925F00413E91 /* Preview Assets.xcassets */; };
		695640852B8D925F00413E91 /* mGTests.swift in Sources */ = {isa = PBXBuildFile; fileRef = 695640842B8D925F00413E91 /* mGTests.swift */; };
/* End PBXBuildFile section */

/* Begin PBXContainerItemProxy section */
		695640812B8D925F00413E91 /* PBXContainerItemProxy */ = {
			isa = PBXContainerItemProxy;
			containerPortal = 695640612B8D925E00413E91 /* Project object */;
			proxyType = 1;
			remoteGlobalIDString = 695640682B8D925E00413E91;
			remoteInfo = mG;
		};
/* End PBXContainerItemProxy section */

/* Begin PBXFileReference section */
		695640692B8D925E00413E91 /* mG.app */ = {isa = PBXFileReference; explicitFileType = wrapper.application; includeInIndex = 0; path = mG.app; sourceTree = BUILT_PRODUCTS_DIR; };
		6956406D2B8D925E00413E91 /* RealityKitContent */ = {isa = PBXFileReference; lastKnownFileType = wrapper; path = RealityKitContent; sourceTree = "<group>"; };
		695640702B8D925E00413E91 /* mGApp.swift */ = {isa = PBXFileReference; lastKnownFileType = sourcecode.swift; path = mGApp.swift; sourceTree = "<group>"; };
		695640722B8D925E00413E91 /* ContentView.swift */ = {isa = PBXFileReference; lastKnownFileType = sourcecode.swift; path = ContentView.swift; sourceTree = "<group>"; };
		695640742B8D925E00413E91 /* ImmersiveView.swift */ = {isa = PBXFileReference; lastKnownFileType = sourcecode.swift; path = ImmersiveView.swift; sourceTree = "<group>"; };
		695640762B8D925F00413E91 /* Assets.xcassets */ = {isa = PBXFileReference; lastKnownFileType = folder.assetcatalog; path = Assets.xcassets; sourceTree = "<group>"; };
		695640792B8D925F00413E91 /* Preview Assets.xcassets */ = {isa = PBXFileReference; lastKnownFileType = folder.assetcatalog; path = "Preview Assets.xcassets"; sourceTree = "<group>"; };
		6956407B2B8D925F00413E91 /* Info.plist */ = {isa = PBXFileReference; lastKnownFileType = text.plist.xml; path = Info.plist; sourceTree = "<group>"; };
		695640802B8D925F00413E91 /* mGTests.xctest */ = {isa = PBXFileReference; explicitFileType = wrapper.cfbundle; includeInIndex = 0; path = mGTests.xctest; sourceTree = BUILT_PRODUCTS_DIR; };
		695640842B8D925F00413E91 /* mGTests.swift */ = {isa = PBXFileReference; lastKnownFileType = sourcecode.swift; path = mGTests.swift; sourceTree = "<group>"; };
/* End PBXFileReference section */

/* Begin PBXFrameworksBuildPhase section */
		695640662B8D925E00413E91 /* Frameworks */ = {
			isa = PBXFrameworksBuildPhase;
			buildActionMask = 2147483647;
			files = (
				6956406F2B8D925E00413E91 /* RealityKitContent in Frameworks */,
			);
			runOnlyForDeploymentPostprocessing = 0;
		};
		6956407D2B8D925F00413E91 /* Frameworks */ = {
			isa = PBXFrameworksBuildPhase;
			buildActionMask = 2147483647;
			files = (
			);
			runOnlyForDeploymentPostprocessing = 0;
		};
/* End PBXFrameworksBuildPhase section */

/* Begin PBXGroup section */
		695640602B8D925E00413E91 = {
			isa = PBXGroup;
			children = (
				6956406B2B8D925E00413E91 /* mG */,
				6956406C2B8D925E00413E91 /* Packages */,
				695640832B8D925F00413E91 /* mGTests */,
				6956406A2B8D925E00413E91 /* Products */,
			);
			sourceTree = "<group>";
		};
		6956406A2B8D925E00413E91 /* Products */ = {
			isa = PBXGroup;
			children = (
				695640692B8D925E00413E91 /* mG.app */,
				695640802B8D925F00413E91 /* mGTests.xctest */,
			);
			name = Products;
			sourceTree = "<group>";
		};
		6956406B2B8D925E00413E91 /* mG */ = {
			isa = PBXGroup;
			children = (
				695640702B8D925E00413E91 /* mGApp.swift */,
				695640722B8D925E00413E91 /* ContentView.swift */,
				695640742B8D925E00413E91 /* ImmersiveView.swift */,
				695640762B8D925F00413E91 /* Assets.xcassets */,
				6956407B2B8D925F00413E91 /* Info.plist */,
				695640782B8D925F00413E91 /* Preview Content */,
			);
			path = mG;
			sourceTree = "<group>";
		};
		6956406C2B8D925E00413E91 /* Packages */ = {
			isa = PBXGroup;
			children = (
				6956406D2B8D925E00413E91 /* RealityKitContent */,
			);
			path = Packages;
			sourceTree = "<group>";
		};
		695640782B8D925F00413E91 /* Preview Content */ = {
			isa = PBXGroup;
			children = (
				695640792B8D925F00413E91 /* Preview Assets.xcassets */,
			);
			path = "Preview Content";
			sourceTree = "<group>";
		};
		695640832B8D925F00413E91 /* mGTests */ = {
			isa = PBXGroup;
			children = (
				695640842B8D925F00413E91 /* mGTests.swift */,
			);
			path = mGTests;
			sourceTree = "<group>";
		};
/* End PBXGroup section */

/* Begin PBXNativeTarget section */
		695640682B8D925E00413E91 /* mG */ = {
			isa = PBXNativeTarget;
			buildConfigurationList = 695640882B8D925F00413E91 /* Build configuration list for PBXNativeTarget "mG" */;
			buildPhases = (
				695640652B8D925E00413E91 /* Sources */,
				695640662B8D925E00413E91 /* Frameworks */,
				695640672B8D925E00413E91 /* Resources */,
			);
			buildRules = (
			);
			dependencies = (
			);
			name = mG;
			packageProductDependencies = (
				6956406E2B8D925E00413E91 /* RealityKitContent */,
			);
			productName = mG;
			productReference = 695640692B8D925E00413E91 /* mG.app */;
			productType = "com.apple.product-type.application";
		};
		6956407F2B8D925F00413E91 /* mGTests */ = {
			isa = PBXNativeTarget;
			buildConfigurationList = 6956408B2B8D925F00413E91 /* Build configuration list for PBXNativeTarget "mGTests" */;
			buildPhases = (
				6956407C2B8D925F00413E91 /* Sources */,
				6956407D2B8D925F00413E91 /* Frameworks */,
				6956407E2B8D925F00413E91 /* Resources */,
			);
			buildRules = (
			);
			dependencies = (
				695640822B8D925F00413E91 /* PBXTargetDependency */,
			);
			name = mGTests;
			productName = mGTests;
			productReference = 695640802B8D925F00413E91 /* mGTests.xctest */;
			productType = "com.apple.product-type.bundle.unit-test";
		};
/* End PBXNativeTarget section */

/* Begin PBXProject section */
		695640612B8D925E00413E91 /* Project object */ = {
			isa = PBXProject;
			attributes = {
				BuildIndependentTargetsInParallel = 1;
				LastSwiftUpdateCheck = 1530;
				LastUpgradeCheck = 1530;
				TargetAttributes = {
					695640682B8D925E00413E91 = {
						CreatedOnToolsVersion = 15.3;
					};
					6956407F2B8D925F00413E91 = {
						CreatedOnToolsVersion = 15.3;
						TestTargetID = 695640682B8D925E00413E91;
					};
				};
			};
			buildConfigurationList = 695640642B8D925E00413E91 /* Build configuration list for PBXProject "mG" */;
			compatibilityVersion = "Xcode 14.0";
			developmentRegion = en;
			hasScannedForEncodings = 0;
			knownRegions = (
				en,
				Base,
			);
			mainGroup = 695640602B8D925E00413E91;
			productRefGroup = 6956406A2B8D925E00413E91 /* Products */;
			projectDirPath = "";
			projectRoot = "";
			targets = (
				695640682B8D925E00413E91 /* mG */,
				6956407F2B8D925F00413E91 /* mGTests */,
			);
		};
/* End PBXProject section */

/* Begin PBXResourcesBuildPhase section */
		695640672B8D925E00413E91 /* Resources */ = {
			isa = PBXResourcesBuildPhase;
			buildActionMask = 2147483647;
			files = (
				6956407A2B8D925F00413E91 /* Preview Assets.xcassets in Resources */,
				695640772B8D925F00413E91 /* Assets.xcassets in Resources */,
			);
			runOnlyForDeploymentPostprocessing = 0;
		};
		6956407E2B8D925F00413E91 /* Resources */ = {
			isa = PBXResourcesBuildPhase;
			buildActionMask = 2147483647;
			files = (
			);
			runOnlyForDeploymentPostprocessing = 0;
		};
/* End PBXResourcesBuildPhase section */

/* Begin PBXSourcesBuildPhase section */
		695640652B8D925E00413E91 /* Sources */ = {
			isa = PBXSourcesBuildPhase;
			buildActionMask = 2147483647;
			files = (
				695640732B8D925E00413E91 /* ContentView.swift in Sources */,
				695640712B8D925E00413E91 /* mGApp.swift in Sources */,
				695640752B8D925E00413E91 /* ImmersiveView.swift in Sources */,
			);
			runOnlyForDeploymentPostprocessing = 0;
		};
		6956407C2B8D925F00413E91 /* Sources */ = {
			isa = PBXSourcesBuildPhase;
			buildActionMask = 2147483647;
			files = (
				695640852B8D925F00413E91 /* mGTests.swift in Sources */,
			);
			runOnlyForDeploymentPostprocessing = 0;
		};
/* End PBXSourcesBuildPhase section */

/* Begin PBXTargetDependency section */
		695640822B8D925F00413E91 /* PBXTargetDependency */ = {
			isa = PBXTargetDependency;
			target = 695640682B8D925E00413E91 /* mG */;
			targetProxy = 695640812B8D925F00413E91 /* PBXContainerItemProxy */;
		};
/* End PBXTargetDependency section */

/* Begin XCBuildConfiguration section */
		695640862B8D925F00413E91 /* Debug */ = {
			isa = XCBuildConfiguration;
			buildSettings = {
				ALWAYS_SEARCH_USER_PATHS = NO;
				ASSETCATALOG_COMPILER_GENERATE_SWIFT_ASSET_SYMBOL_EXTENSIONS = YES;
				CLANG_ANALYZER_NONNULL = YES;
				CLANG_ANALYZER_NUMBER_OBJECT_CONVERSION = YES_AGGRESSIVE;
				CLANG_CXX_LANGUAGE_STANDARD = "gnu++20";
				CLANG_ENABLE_MODULES = YES;
				CLANG_ENABLE_OBJC_ARC = YES;
				CLANG_ENABLE_OBJC_WEAK = YES;
				CLANG_WARN_BLOCK_CAPTURE_AUTORELEASING = YES;
				CLANG_WARN_BOOL_CONVERSION = YES;
				CLANG_WARN_COMMA = YES;
				CLANG_WARN_CONSTANT_CONVERSION = YES;
				CLANG_WARN_DEPRECATED_OBJC_IMPLEMENTATIONS = YES;
				CLANG_WARN_DIRECT_OBJC_ISA_USAGE = YES_ERROR;
				CLANG_WARN_DOCUMENTATION_COMMENTS = YES;
				CLANG_WARN_EMPTY_BODY = YES;
				CLANG_WARN_ENUM_CONVERSION = YES;
				CLANG_WARN_INFINITE_RECURSION = YES;
				CLANG_WARN_INT_CONVERSION = YES;
				CLANG_WARN_NON_LITERAL_NULL_CONVERSION = YES;
				CLANG_WARN_OBJC_IMPLICIT_RETAIN_SELF = YES;
				CLANG_WARN_OBJC_LITERAL_CONVERSION = YES;
				CLANG_WARN_OBJC_ROOT_CLASS = YES_ERROR;
				CLANG_WARN_QUOTED_INCLUDE_IN_FRAMEWORK_HEADER = YES;
				CLANG_WARN_RANGE_LOOP_ANALYSIS = YES;
				CLANG_WARN_STRICT_PROTOTYPES = YES;
				CLANG_WARN_SUSPICIOUS_MOVE = YES;
				CLANG_WARN_UNGUARDED_AVAILABILITY = YES_AGGRESSIVE;
				CLANG_WARN_UNREACHABLE_CODE = YES;
				CLANG_WARN__DUPLICATE_METHOD_MATCH = YES;
				COPY_PHASE_STRIP = NO;
				DEBUG_INFORMATION_FORMAT = dwarf;
				ENABLE_STRICT_OBJC_MSGSEND = YES;
				ENABLE_TESTABILITY = YES;
				ENABLE_USER_SCRIPT_SANDBOXING = YES;
				GCC_C_LANGUAGE_STANDARD = gnu17;
				GCC_DYNAMIC_NO_PIC = NO;
				GCC_NO_COMMON_BLOCKS = YES;
				GCC_OPTIMIZATION_LEVEL = 0;
				GCC_PREPROCESSOR_DEFINITIONS = (
					"DEBUG=1",
					"$(inherited)",
				);
				GCC_WARN_64_TO_32_BIT_CONVERSION = YES;
				GCC_WARN_ABOUT_RETURN_TYPE = YES_ERROR;
				GCC_WARN_UNDECLARED_SELECTOR = YES;
				GCC_WARN_UNINITIALIZED_AUTOS = YES_AGGRESSIVE;
				GCC_WARN_UNUSED_FUNCTION = YES;
				GCC_WARN_UNUSED_VARIABLE = YES;
				LOCALIZATION_PREFERS_STRING_CATALOGS = YES;
				MTL_ENABLE_DEBUG_INFO = INCLUDE_SOURCE;
				MTL_FAST_MATH = YES;
				ONLY_ACTIVE_ARCH = YES;
				SDKROOT = xros;
				SWIFT_ACTIVE_COMPILATION_CONDITIONS = "DEBUG $(inherited)";
				SWIFT_OPTIMIZATION_LEVEL = "-Onone";
				XROS_DEPLOYMENT_TARGET = 1.1;
			};
			name = Debug;
		};
		695640872B8D925F00413E91 /* Release */ = {
			isa = XCBuildConfiguration;
			buildSettings = {
				ALWAYS_SEARCH_USER_PATHS = NO;
				ASSETCATALOG_COMPILER_GENERATE_SWIFT_ASSET_SYMBOL_EXTENSIONS = YES;
				CLANG_ANALYZER_NONNULL = YES;
				CLANG_ANALYZER_NUMBER_OBJECT_CONVERSION = YES_AGGRESSIVE;
				CLANG_CXX_LANGUAGE_STANDARD = "gnu++20";
				CLANG_ENABLE_MODULES = YES;
				CLANG_ENABLE_OBJC_ARC = YES;
				CLANG_ENABLE_OBJC_WEAK = YES;
				CLANG_WARN_BLOCK_CAPTURE_AUTORELEASING = YES;
				CLANG_WARN_BOOL_CONVERSION = YES;
				CLANG_WARN_COMMA = YES;
				CLANG_WARN_CONSTANT_CONVERSION = YES;
				CLANG_WARN_DEPRECATED_OBJC_IMPLEMENTATIONS = YES;
				CLANG_WARN_DIRECT_OBJC_ISA_USAGE = YES_ERROR;
				CLANG_WARN_DOCUMENTATION_COMMENTS = YES;
				CLANG_WARN_EMPTY_BODY = YES;
				CLANG_WARN_ENUM_CONVERSION = YES;
				CLANG_WARN_INFINITE_RECURSION = YES;
				CLANG_WARN_INT_CONVERSION = YES;
				CLANG_WARN_NON_LITERAL_NULL_CONVERSION = YES;
				CLANG_WARN_OBJC_IMPLICIT_RETAIN_SELF = YES;
				CLANG_WARN_OBJC_LITERAL_CONVERSION = YES;
				CLANG_WARN_OBJC_ROOT_CLASS = YES_ERROR;
				CLANG_WARN_QUOTED_INCLUDE_IN_FRAMEWORK_HEADER = YES;
				CLANG_WARN_RANGE_LOOP_ANALYSIS = YES;
				CLANG_WARN_STRICT_PROTOTYPES = YES;
				CLANG_WARN_SUSPICIOUS_MOVE = YES;
				CLANG_WARN_UNGUARDED_AVAILABILITY = YES_AGGRESSIVE;
				CLANG_WARN_UNREACHABLE_CODE = YES;
				CLANG_WARN__DUPLICATE_METHOD_MATCH = YES;
				COPY_PHASE_STRIP = NO;
				DEBUG_INFORMATION_FORMAT = "dwarf-with-dsym";
				ENABLE_NS_ASSERTIONS = NO;
				ENABLE_STRICT_OBJC_MSGSEND = YES;
				ENABLE_USER_SCRIPT_SANDBOXING = YES;
				GCC_C_LANGUAGE_STANDARD = gnu17;
				GCC_NO_COMMON_BLOCKS = YES;
				GCC_WARN_64_TO_32_BIT_CONVERSION = YES;
				GCC_WARN_ABOUT_RETURN_TYPE = YES_ERROR;
				GCC_WARN_UNDECLARED_SELECTOR = YES;
				GCC_WARN_UNINITIALIZED_AUTOS = YES_AGGRESSIVE;
				GCC_WARN_UNUSED_FUNCTION = YES;
				GCC_WARN_UNUSED_VARIABLE = YES;
				LOCALIZATION_PREFERS_STRING_CATALOGS = YES;
				MTL_ENABLE_DEBUG_INFO = NO;
				MTL_FAST_MATH = YES;
				SDKROOT = xros;
				SWIFT_COMPILATION_MODE = wholemodule;
				VALIDATE_PRODUCT = YES;
				XROS_DEPLOYMENT_TARGET = 1.1;
			};
			name = Release;
		};
		695640892B8D925F00413E91 /* Debug */ = {
			isa = XCBuildConfiguration;
			buildSettings = {
				ASSETCATALOG_COMPILER_APPICON_NAME = AppIcon;
				ASSETCATALOG_COMPILER_GLOBAL_ACCENT_COLOR_NAME = AccentColor;
				CODE_SIGN_STYLE = Automatic;
				CURRENT_PROJECT_VERSION = 1;
				DEVELOPMENT_ASSET_PATHS = "\"mG/Preview Content\"";
				ENABLE_PREVIEWS = YES;
				GENERATE_INFOPLIST_FILE = YES;
				INFOPLIST_FILE = "$(TARGET_NAME)/Info.plist";
				LD_RUNPATH_SEARCH_PATHS = (
					"$(inherited)",
					"@executable_path/Frameworks",
				);
				MARKETING_VERSION = 1.0;
				PRODUCT_BUNDLE_IDENTIFIER = Student.mG;
				PRODUCT_NAME = "$(TARGET_NAME)";
				SUPPORTED_PLATFORMS = "xros xrsimulator";
				SWIFT_EMIT_LOC_STRINGS = YES;
				SWIFT_VERSION = 5.0;
				TARGETED_DEVICE_FAMILY = "1,2,7";
			};
			name = Debug;
		};
		6956408A2B8D925F00413E91 /* Release */ = {
			isa = XCBuildConfiguration;
			buildSettings = {
				ASSETCATALOG_COMPILER_APPICON_NAME = AppIcon;
				ASSETCATALOG_COMPILER_GLOBAL_ACCENT_COLOR_NAME = AccentColor;
				CODE_SIGN_STYLE = Automatic;
				CURRENT_PROJECT_VERSION = 1;
				DEVELOPMENT_ASSET_PATHS = "\"mG/Preview Content\"";
				ENABLE_PREVIEWS = YES;
				GENERATE_INFOPLIST_FILE = YES;
				INFOPLIST_FILE = "$(TARGET_NAME)/Info.plist";
				LD_RUNPATH_SEARCH_PATHS = (
					"$(inherited)",
					"@executable_path/Frameworks",
				);
				MARKETING_VERSION = 1.0;
				PRODUCT_BUNDLE_IDENTIFIER = Student.mG;
				PRODUCT_NAME = "$(TARGET_NAME)";
				SUPPORTED_PLATFORMS = "xros xrsimulator";
				SWIFT_EMIT_LOC_STRINGS = YES;
				SWIFT_VERSION = 5.0;
				TARGETED_DEVICE_FAMILY = "1,2,7";
			};
			name = Release;
		};
		6956408C2B8D925F00413E91 /* Debug */ = {
			isa = XCBuildConfiguration;
			buildSettings = {
				ALWAYS_EMBED_SWIFT_STANDARD_LIBRARIES = YES;
				BUNDLE_LOADER = "$(TEST_HOST)";
				CODE_SIGN_STYLE = Automatic;
				CURRENT_PROJECT_VERSION = 1;
				GENERATE_INFOPLIST_FILE = YES;
				MARKETING_VERSION = 1.0;
				PRODUCT_BUNDLE_IDENTIFIER = Student.mGTests;
				PRODUCT_NAME = "$(TARGET_NAME)";
				SUPPORTED_PLATFORMS = "xros xrsimulator";
				SWIFT_EMIT_LOC_STRINGS = NO;
				SWIFT_VERSION = 5.0;
				TARGETED_DEVICE_FAMILY = "1,2,7";
				TEST_HOST = "$(BUILT_PRODUCTS_DIR)/mG.app/$(BUNDLE_EXECUTABLE_FOLDER_PATH)/mG";
				XROS_DEPLOYMENT_TARGET = 1.1;
			};
			name = Debug;
		};
		6956408D2B8D925F00413E91 /* Release */ = {
			isa = XCBuildConfiguration;
			buildSettings = {
				ALWAYS_EMBED_SWIFT_STANDARD_LIBRARIES = YES;
				BUNDLE_LOADER = "$(TEST_HOST)";
				CODE_SIGN_STYLE = Automatic;
				CURRENT_PROJECT_VERSION = 1;
				GENERATE_INFOPLIST_FILE = YES;
				MARKETING_VERSION = 1.0;
				PRODUCT_BUNDLE_IDENTIFIER = Student.mGTests;
				PRODUCT_NAME = "$(TARGET_NAME)";
				SUPPORTED_PLATFORMS = "xros xrsimulator";
				SWIFT_EMIT_LOC_STRINGS = NO;
				SWIFT_VERSION = 5.0;
				TARGETED_DEVICE_FAMILY = "1,2,7";
				TEST_HOST = "$(BUILT_PRODUCTS_DIR)/mG.app/$(BUNDLE_EXECUTABLE_FOLDER_PATH)/mG";
				XROS_DEPLOYMENT_TARGET = 1.1;
			};
			name = Release;
		};
/* End XCBuildConfiguration section */

/* Begin XCConfigurationList section */
		695640642B8D925E00413E91 /* Build configuration list for PBXProject "mG" */ = {
			isa = XCConfigurationList;
			buildConfigurations = (
				695640862B8D925F00413E91 /* Debug */,
				695640872B8D925F00413E91 /* Release */,
			);
			defaultConfigurationIsVisible = 0;
			defaultConfigurationName = Release;
		};
		695640882B8D925F00413E91 /* Build configuration list for PBXNativeTarget "mG" */ = {
			isa = XCConfigurationList;
			buildConfigurations = (
				695640892B8D925F00413E91 /* Debug */,
				6956408A2B8D925F00413E91 /* Release */,
			);
			defaultConfigurationIsVisible = 0;
			defaultConfigurationName = Release;
		};
		6956408B2B8D925F00413E91 /* Build configuration list for PBXNativeTarget "mGTests" */ = {
			isa = XCConfigurationList;
			buildConfigurations = (
				6956408C2B8D925F00413E91 /* Debug */,
				6956408D2B8D925F00413E91 /* Release */,
			);
			defaultConfigurationIsVisible = 0;
			defaultConfigurationName = Release;
		};
/* End XCConfigurationList section */

/* Begin XCSwiftPackageProductDependency section */
		6956406E2B8D925E00413E91 /* RealityKitContent */ = {
			isa = XCSwiftPackageProductDependency;
			productName = RealityKitContent;
		};
/* End XCSwiftPackageProductDependency section */
	};
	rootObject = 695640612B8D925E00413E91 /* Project object */;
}
